
Microsoft Visual Studio Solution File, Format Version 12.00
# Visual Studio Version 16
VisualStudioVersion = 16.0.29326.143
MinimumVisualStudioVersion = 10.0.40219.1
Project("{FAE04EC0-301F-11D3-BF4B-00C04F79EFBC}") = "A_LevelLesson5", "A_LevelLesson5\A_LevelLesson5.csproj", "{17B167C3-1B7D-472F-BA91-B74628E58801}"
EndProject
Project("{FAE04EC0-301F-11D3-BF4B-00C04F79EFBC}") = "MyLibraryArrays", "MyLibraryArrays\MyLibraryArrays.csproj", "{61F3BB32-FE4D-42B8-95FC-62CFD89C7044}"
EndProject
Global
	GlobalSection(SolutionConfigurationPlatforms) = preSolution
		Debug|Any CPU = Debug|Any CPU
		Release|Any CPU = Release|Any CPU
	EndGlobalSection
	GlobalSection(ProjectConfigurationPlatforms) = postSolution
		{17B167C3-1B7D-472F-BA91-B74628E58801}.Debug|Any CPU.ActiveCfg = Debug|Any CPU
		{17B167C3-1B7D-472F-BA91-B74628E58801}.Debug|Any CPU.Build.0 = Debug|Any CPU
		{17B167C3-1B7D-472F-BA91-B74628E58801}.Release|Any CPU.ActiveCfg = Release|Any CPU
		{17B167C3-1B7D-472F-BA91-B74628E58801}.Release|Any CPU.Build.0 = Release|Any CPU
		{61F3BB32-FE4D-42B8-95FC-62CFD89C7044}.Debug|Any CPU.ActiveCfg = Debug|Any CPU
		{61F3BB32-FE4D-42B8-95FC-62CFD89C7044}.Debug|Any CPU.Build.0 = Debug|Any CPU
		{61F3BB32-FE4D-42B8-95FC-62CFD89C7044}.Release|Any CPU.ActiveCfg = Release|Any CPU
		{61F3BB32-FE4D-42B8-95FC-62CFD89C7044}.Release|Any CPU.Build.0 = Release|Any CPU
	EndGlobalSection
	GlobalSection(SolutionProperties) = preSolution
		HideSolutionNode = FALSE
	EndGlobalSection
	GlobalSection(ExtensibilityGlobals) = postSolution
		SolutionGuid = {1A712039-F8DB-40CE-A3A9-E24925DE1462}
	EndGlobalSection
EndGlobal
