
Microsoft Visual Studio Solution File, Format Version 12.00
# Visual Studio 15
VisualStudioVersion = 15.0.28307.572
MinimumVisualStudioVersion = 10.0.40219.1
Project("{FAE04EC0-301F-11D3-BF4B-00C04F79EFBC}") = "mod1", "mod1\mod1.csproj", "{3F173794-D7C3-4944-B03C-7F53CF49EF16}"
EndProject
Project("{FAE04EC0-301F-11D3-BF4B-00C04F79EFBC}") = "MobLibrary1", "MobLibrary1\MobLibrary1.csproj", "{02AAD317-9A23-4F01-BE44-13005040E1F6}"
EndProject
Global
	GlobalSection(SolutionConfigurationPlatforms) = preSolution
		Debug|Any CPU = Debug|Any CPU
		Release|Any CPU = Release|Any CPU
	EndGlobalSection
	GlobalSection(ProjectConfigurationPlatforms) = postSolution
		{3F173794-D7C3-4944-B03C-7F53CF49EF16}.Debug|Any CPU.ActiveCfg = Debug|Any CPU
		{3F173794-D7C3-4944-B03C-7F53CF49EF16}.Debug|Any CPU.Build.0 = Debug|Any CPU
		{3F173794-D7C3-4944-B03C-7F53CF49EF16}.Release|Any CPU.ActiveCfg = Release|Any CPU
		{3F173794-D7C3-4944-B03C-7F53CF49EF16}.Release|Any CPU.Build.0 = Release|Any CPU
		{02AAD317-9A23-4F01-BE44-13005040E1F6}.Debug|Any CPU.ActiveCfg = Debug|Any CPU
		{02AAD317-9A23-4F01-BE44-13005040E1F6}.Debug|Any CPU.Build.0 = Debug|Any CPU
		{02AAD317-9A23-4F01-BE44-13005040E1F6}.Release|Any CPU.ActiveCfg = Release|Any CPU
		{02AAD317-9A23-4F01-BE44-13005040E1F6}.Release|Any CPU.Build.0 = Release|Any CPU
	EndGlobalSection
	GlobalSection(SolutionProperties) = preSolution
		HideSolutionNode = FALSE
	EndGlobalSection
	GlobalSection(ExtensibilityGlobals) = postSolution
		SolutionGuid = {21B3B207-DB55-4B9B-844A-C8E16CCC335C}
	EndGlobalSection
EndGlobal
