
Microsoft Visual Studio Solution File, Format Version 12.00
# Visual Studio Version 16
VisualStudioVersion = 16.0.29326.143
MinimumVisualStudioVersion = 10.0.40219.1
Project("{FAE04EC0-301F-11D3-BF4B-00C04F79EFBC}") = "ConsoleFB1", "ConsoleFB1\ConsoleFB1.csproj", "{0794344E-A754-45ED-8E70-9FA610EB89D8}"
EndProject
Project("{9A19103F-16F7-4668-BE54-9A1E7A4F7556}") = "LibraryForLesson2", "LibraryForLesson2\LibraryForLesson2.csproj", "{E965DE8B-AC9A-4E86-B4B8-EC0AF6D96860}"
EndProject
Project("{FAE04EC0-301F-11D3-BF4B-00C04F79EFBC}") = "ConsoleTraining", "ConsoleTraining\ConsoleTraining.csproj", "{C58011E8-4B61-44ED-A23D-00FFB46AB74F}"
EndProject
Global
	GlobalSection(SolutionConfigurationPlatforms) = preSolution
		Debug|Any CPU = Debug|Any CPU
		Release|Any CPU = Release|Any CPU
	EndGlobalSection
	GlobalSection(ProjectConfigurationPlatforms) = postSolution
		{0794344E-A754-45ED-8E70-9FA610EB89D8}.Debug|Any CPU.ActiveCfg = Debug|Any CPU
		{0794344E-A754-45ED-8E70-9FA610EB89D8}.Debug|Any CPU.Build.0 = Debug|Any CPU
		{0794344E-A754-45ED-8E70-9FA610EB89D8}.Release|Any CPU.ActiveCfg = Release|Any CPU
		{0794344E-A754-45ED-8E70-9FA610EB89D8}.Release|Any CPU.Build.0 = Release|Any CPU
		{E965DE8B-AC9A-4E86-B4B8-EC0AF6D96860}.Debug|Any CPU.ActiveCfg = Debug|Any CPU
		{E965DE8B-AC9A-4E86-B4B8-EC0AF6D96860}.Debug|Any CPU.Build.0 = Debug|Any CPU
		{E965DE8B-AC9A-4E86-B4B8-EC0AF6D96860}.Release|Any CPU.ActiveCfg = Release|Any CPU
		{E965DE8B-AC9A-4E86-B4B8-EC0AF6D96860}.Release|Any CPU.Build.0 = Release|Any CPU
		{C58011E8-4B61-44ED-A23D-00FFB46AB74F}.Debug|Any CPU.ActiveCfg = Debug|Any CPU
		{C58011E8-4B61-44ED-A23D-00FFB46AB74F}.Debug|Any CPU.Build.0 = Debug|Any CPU
		{C58011E8-4B61-44ED-A23D-00FFB46AB74F}.Release|Any CPU.ActiveCfg = Release|Any CPU
		{C58011E8-4B61-44ED-A23D-00FFB46AB74F}.Release|Any CPU.Build.0 = Release|Any CPU
	EndGlobalSection
	GlobalSection(SolutionProperties) = preSolution
		HideSolutionNode = FALSE
	EndGlobalSection
	GlobalSection(ExtensibilityGlobals) = postSolution
		SolutionGuid = {027AEEAE-78A7-47AB-AED3-1224D221E740}
	EndGlobalSection
EndGlobal
